# This file was autogenerated by Stack.
# You should not edit this file by hand.
# For more information, please see the documentation at:
#   https://docs.haskellstack.org/en/stable/lock_files

packages: []
snapshots:
- completed:
    size: 619399
    url: https://raw.githubusercontent.com/commercialhaskell/stackage-snapshots/master/lts/19/23.yaml
    sha256: f5d9002479d87103fd070f17cfe71fcd2147676f1e47a2dabca5ab91a42b846d
  original: lts-19.23
